
Microsoft Visual Studio Solution File, Format Version 12.00
# Visual Studio Version 16
VisualStudioVersion = 16.0.30907.101
MinimumVisualStudioVersion = 10.0.40219.1
Project("{FAE04EC0-301F-11D3-BF4B-00C04F79EFBC}") = "WebApi", "WebApi.csproj", "{CC56537F-50FA-4BD8-AC79-147810EEA7BB}"
EndProject
Global
	GlobalSection(SolutionConfigurationPlatforms) = preSolution
		Debug|Any CPU = Debug|Any CPU
		Release|Any CPU = Release|Any CPU
	EndGlobalSection
	GlobalSection(ProjectConfigurationPlatforms) = postSolution
		{CC56537F-50FA-4BD8-AC79-147810EEA7BB}.Debug|Any CPU.ActiveCfg = Debug|Any CPU
		{CC56537F-50FA-4BD8-AC79-147810EEA7BB}.Debug|Any CPU.Build.0 = Debug|Any CPU
		{CC56537F-50FA-4BD8-AC79-147810EEA7BB}.Release|Any CPU.ActiveCfg = Release|Any CPU
		{CC56537F-50FA-4BD8-AC79-147810EEA7BB}.Release|Any CPU.Build.0 = Release|Any CPU
	EndGlobalSection
	GlobalSection(SolutionProperties) = preSolution
		HideSolutionNode = FALSE
	EndGlobalSection
	GlobalSection(ExtensibilityGlobals) = postSolution
		SolutionGuid = {F59D68FC-1DAF-46BF-AA25-DB5338B7D9DA}
	EndGlobalSection
EndGlobal
